<?xml version="1.0" encoding="UTF-8" standalone="yes" ?>
<CodeBlocks_project_file>
	<FileVersion major="1" minor="6" />
	<Project>
		<Option title="Ubitrail" />
		<Option makefile_is_custom="1" />
		<Option pch_mode="2" />
		<Option compiler="gcc" />
		<Build>
			<Target title="release">
				<Option output="Ubitrail" prefix_auto="1" extension_auto="1" />
				<Option object_output="/home/quentin/biology/Ubitrail/Ubitrail/.objs" />
				<Option type="1" />
				<Option compiler="gcc" />
				<Compiler>
					<Add option="-O2" />
				</Compiler>
				<Linker>
					<Add option="-s" />
				</Linker>
			</Target>
		</Build>
		<Compiler>
			<Add option="-Wall" />
			<Add option="-fexceptions" />
		</Compiler>
		<Unit filename="Makefile" />
		<Unit filename="TODOlist" />
		<Unit filename="headers/Application.hpp" />
		<Unit filename="headers/Area.hpp" />
		<Unit filename="headers/AreaPreviewer.hpp" />
		<Unit filename="headers/ControlPanel.hpp" />
		<Unit filename="headers/Decorator.hpp" />
		<Unit filename="headers/DrawingArea.hpp" />
		<Unit filename="headers/FeatureClassifier.hpp" />
		<Unit filename="headers/ForegroundExtractor.hpp" />
		<Unit filename="headers/MotionSensor.hpp" />
		<Unit filename="headers/OptionParser.hpp" />
		<Unit filename="headers/PageAreaMaker.hpp" />
		<Unit filename="headers/PageOutput.hpp" />
		<Unit filename="headers/PageProcessPars.hpp" />
		<Unit filename="headers/PageVideoInput.hpp" />
		<Unit filename="headers/Processor.hpp" />
		<Unit filename="headers/ROIMaker.hpp" />
		<Unit filename="headers/ResultWriter.hpp" />
		<Unit filename="headers/SettingAssistant.hpp" />
		<Unit filename="headers/Tracker.hpp" />
		<Unit filename="headers/VideoGrabber.hpp" />
		<Unit filename="headers/VideoWriter.hpp" />
		<Unit filename="headers/defines.hpp" />
		<Unit filename="headers/guiText.hpp" />
		<Unit filename="headers/optionStructure.hpp" />
		<Unit filename="src/Application.cpp" />
		<Unit filename="src/Area.cpp" />
		<Unit filename="src/AreaPreviewer.cpp" />
		<Unit filename="src/ControlPanel.cpp" />
		<Unit filename="src/Decorator.cpp" />
		<Unit filename="src/DrawingArea.cpp" />
		<Unit filename="src/FeatureClassifier.cpp" />
		<Unit filename="src/ForegroundExtractor.cpp" />
		<Unit filename="src/MotionSensor.cpp" />
		<Unit filename="src/OptionParser.cpp" />
		<Unit filename="src/PageAreaMaker.cpp" />
		<Unit filename="src/PageOutput.cpp" />
		<Unit filename="src/PageProcessPars.cpp" />
		<Unit filename="src/PageVideoInput.cpp" />
		<Unit filename="src/Processor.cpp" />
		<Unit filename="src/ROIMaker.cpp" />
		<Unit filename="src/ResultWriter.cpp" />
		<Unit filename="src/SettingAssistant.cpp" />
		<Unit filename="src/Tracker.cpp" />
		<Unit filename="src/VideoGrabber.cpp" />
		<Unit filename="src/VideoWriter.cpp" />
		<Unit filename="src/main.cpp" />
		<Extensions>
			<envvars />
			<code_completion>
				<search_path add="/usr/include/gtkmm-2.4  " />
			</code_completion>
			<lib_finder disable_auto="1">
				<lib name="opencv" />
				<lib name="gtkmm-2.4" />
			</lib_finder>
			<debugger />
		</Extensions>
	</Project>
</CodeBlocks_project_file>
